github.com/MaaXYZ/maa-framework-go/v4 v4.0.0-beta.18 h1:zg0raDFa8HzONjomm3tPoS3iKHA4n3YvutIMRFlIYsw=
github.com/MaaXYZ/maa-framework-go/v4 v4.0.0-beta.18/go.mod h1:kDxaU/NZDmLRfxnZtn+UnVWw9Egv0i0yQgnjz7ho6Oo=
github.com/ebitengine/purego v0.9.1 h1:a/k2f2HQU3Pi399RPW1MOaZyhKJL9w/xFpKAg4q1s0A=
github.com/ebitengine/purego v0.9.1/go.mod h1:iIjxzd6CiRiOG0UyXP+V1+jWqUXVjPKLAI0mRfJZTmQ=
golang.org/x/sys v0.48.0 h1:bbX/i/6MgT9BVLM9RT1thmxL04yeTAhbEz4SyadbXoo=
golang.org/x/sys v0.48.0/go.mod h1:hNLxWAXmnKAxqDtdwIYC4bM9oQPEecfsnNMuSxOs3og=
